
Microsoft Visual Studio Solution File, Format Version 12.00
# Visual Studio Version 17
VisualStudioVersion = 17.1.32319.34
MinimumVisualStudioVersion = 10.0.40219.1
Project("{FAE04EC0-301F-11D3-BF4B-00C04F79EFBC}") = "EJEMPLO No. 1 GUIA 4", "EJEMPLO No. 1 GUIA 4\EJEMPLO No. 1 GUIA 4.csproj", "{62B11031-EBE7-424B-9A7A-BAC074AB50F0}"
EndProject
Global
	GlobalSection(SolutionConfigurationPlatforms) = preSolution
		Debug|Any CPU = Debug|Any CPU
		Release|Any CPU = Release|Any CPU
	EndGlobalSection
	GlobalSection(ProjectConfigurationPlatforms) = postSolution
		{62B11031-EBE7-424B-9A7A-BAC074AB50F0}.Debug|Any CPU.ActiveCfg = Debug|Any CPU
		{62B11031-EBE7-424B-9A7A-BAC074AB50F0}.Debug|Any CPU.Build.0 = Debug|Any CPU
		{62B11031-EBE7-424B-9A7A-BAC074AB50F0}.Release|Any CPU.ActiveCfg = Release|Any CPU
		{62B11031-EBE7-424B-9A7A-BAC074AB50F0}.Release|Any CPU.Build.0 = Release|Any CPU
	EndGlobalSection
	GlobalSection(SolutionProperties) = preSolution
		HideSolutionNode = FALSE
	EndGlobalSection
	GlobalSection(ExtensibilityGlobals) = postSolution
		SolutionGuid = {BB53CF5A-2DAA-4630-85EF-7E5E3000BA20}
	EndGlobalSection
EndGlobal
